
Microsoft Visual Studio Solution File, Format Version 12.00
# Visual Studio Version 16
VisualStudioVersion = 16.0.30804.86
MinimumVisualStudioVersion = 10.0.40219.1
Project("{00D1A9C2-B5F0-4AF3-8072-F6C62B433612}") = "SSDT-CICD-Demo", "SSDT-CICD-Demo\SSDT-CICD-Demo.sqlproj", "{47CB74D2-03A6-4246-8363-88DE341DD121}"
EndProject
Global
	GlobalSection(SolutionConfigurationPlatforms) = preSolution
		Debug|Any CPU = Debug|Any CPU
		Release|Any CPU = Release|Any CPU
	EndGlobalSection
	GlobalSection(ProjectConfigurationPlatforms) = postSolution
		{47CB74D2-03A6-4246-8363-88DE341DD121}.Debug|Any CPU.ActiveCfg = Debug|Any CPU
		{47CB74D2-03A6-4246-8363-88DE341DD121}.Debug|Any CPU.Build.0 = Debug|Any CPU
		{47CB74D2-03A6-4246-8363-88DE341DD121}.Debug|Any CPU.Deploy.0 = Debug|Any CPU
		{47CB74D2-03A6-4246-8363-88DE341DD121}.Release|Any CPU.ActiveCfg = Release|Any CPU
		{47CB74D2-03A6-4246-8363-88DE341DD121}.Release|Any CPU.Build.0 = Release|Any CPU
		{47CB74D2-03A6-4246-8363-88DE341DD121}.Release|Any CPU.Deploy.0 = Release|Any CPU
	EndGlobalSection
	GlobalSection(SolutionProperties) = preSolution
		HideSolutionNode = FALSE
	EndGlobalSection
	GlobalSection(ExtensibilityGlobals) = postSolution
		SolutionGuid = {D742BD24-88BA-4DAF-8FC7-AEEDB54971BB}
	EndGlobalSection
EndGlobal
